
Microsoft Visual Studio Solution File, Format Version 12.00
# Visual Studio Version 17
VisualStudioVersion = 17.6.33723.286
MinimumVisualStudioVersion = 10.0.40219.1
Project("{2150E333-8FDC-42A3-9474-1A3956D46DE8}") = "01-Web", "01-Web", "{5F17AF64-387B-4406-AEE1-5FC26458C986}"
EndProject
Project("{2150E333-8FDC-42A3-9474-1A3956D46DE8}") = "02-Service", "02-Service", "{D31B9814-E417-49AD-A877-D26D0EC70F68}"
EndProject
Project("{2150E333-8FDC-42A3-9474-1A3956D46DE8}") = "03-BusinessLogic", "03-BusinessLogic", "{E75993DF-2AB6-40EE-A2B1-300DB24C359A}"
EndProject
Project("{2150E333-8FDC-42A3-9474-1A3956D46DE8}") = "04-Data", "04-Data", "{10B4F5F8-6DDD-4E80-9106-F1F70CF88B4F}"
EndProject
Project("{2150E333-8FDC-42A3-9474-1A3956D46DE8}") = "05-Shared", "05-Shared", "{9BBB294D-F81C-4917-A33B-EE23052D3453}"
EndProject
Project("{9A19103F-16F7-4668-BE54-9A1E7A4F7556}") = "Web.Core", "Web.Core\Web.Core.csproj", "{63518DC8-4954-4039-AF9C-8364065ED844}"
EndProject
Project("{9A19103F-16F7-4668-BE54-9A1E7A4F7556}") = "BusinessLogic.Games", "BusinessLogic.Games\BusinessLogic.Games.csproj", "{670EEC2D-2F88-48DF-9A4D-E24B9BF710FE}"
EndProject
Project("{9A19103F-16F7-4668-BE54-9A1E7A4F7556}") = "BusinessLogic.Shared", "BusinessLogic.Shared\BusinessLogic.Shared.csproj", "{6DC76D67-DFE4-4E5D-9013-F069C072570A}"
EndProject
Project("{9A19103F-16F7-4668-BE54-9A1E7A4F7556}") = "Services.Games", "Services.Games\Services.Games.csproj", "{C1F633F2-2DA8-4969-BDD6-2A244F6DA72E}"
EndProject
Project("{9A19103F-16F7-4668-BE54-9A1E7A4F7556}") = "Data.AppData", "Data.AppData\Data.AppData.csproj", "{0D5D9668-6C36-4AA8-827D-4A1FABC03746}"
EndProject
Project("{9A19103F-16F7-4668-BE54-9A1E7A4F7556}") = "Shared.Models", "Shared.Models\Shared.Models.csproj", "{6E7CC175-264C-41A1-A685-F56A711D3AE4}"
EndProject
Project("{9A19103F-16F7-4668-BE54-9A1E7A4F7556}") = "BusinessLogic.Import", "BusinessLogic.Import\BusinessLogic.Import.csproj", "{4CF84688-F23D-4A05-BED1-3301E3F82DBD}"
EndProject
Project("{9A19103F-16F7-4668-BE54-9A1E7A4F7556}") = "Service.Availability", "Service.Availability\Service.Availability.csproj", "{929A7911-3099-474B-9EB2-33D460438F69}"
EndProject
Project("{9A19103F-16F7-4668-BE54-9A1E7A4F7556}") = "Service.Import", "Service.Import\Service.Import.csproj", "{F50D53E5-0A12-4EA3-A767-76BB07FBCA3E}"
EndProject
Project("{9A19103F-16F7-4668-BE54-9A1E7A4F7556}") = "BusinessLogic.Administration", "BusinessLogic.Administration\BusinessLogic.Administration.csproj", "{42E1B740-79DC-4025-B566-506E00714B11}"
EndProject
Project("{FAE04EC0-301F-11D3-BF4B-00C04F79EFBC}") = "Service.Administration", "Service.Administration\Service.Administration.csproj", "{514CDB79-BE13-4C0F-8884-43EBA14976F0}"
EndProject
Global
	GlobalSection(SolutionConfigurationPlatforms) = preSolution
		Debug|Any CPU = Debug|Any CPU
		Release|Any CPU = Release|Any CPU
	EndGlobalSection
	GlobalSection(ProjectConfigurationPlatforms) = postSolution
		{63518DC8-4954-4039-AF9C-8364065ED844}.Debug|Any CPU.ActiveCfg = Debug|Any CPU
		{63518DC8-4954-4039-AF9C-8364065ED844}.Debug|Any CPU.Build.0 = Debug|Any CPU
		{63518DC8-4954-4039-AF9C-8364065ED844}.Release|Any CPU.ActiveCfg = Release|Any CPU
		{63518DC8-4954-4039-AF9C-8364065ED844}.Release|Any CPU.Build.0 = Release|Any CPU
		{670EEC2D-2F88-48DF-9A4D-E24B9BF710FE}.Debug|Any CPU.ActiveCfg = Debug|Any CPU
		{670EEC2D-2F88-48DF-9A4D-E24B9BF710FE}.Debug|Any CPU.Build.0 = Debug|Any CPU
		{670EEC2D-2F88-48DF-9A4D-E24B9BF710FE}.Release|Any CPU.ActiveCfg = Release|Any CPU
		{670EEC2D-2F88-48DF-9A4D-E24B9BF710FE}.Release|Any CPU.Build.0 = Release|Any CPU
		{6DC76D67-DFE4-4E5D-9013-F069C072570A}.Debug|Any CPU.ActiveCfg = Debug|Any CPU
		{6DC76D67-DFE4-4E5D-9013-F069C072570A}.Debug|Any CPU.Build.0 = Debug|Any CPU
		{6DC76D67-DFE4-4E5D-9013-F069C072570A}.Release|Any CPU.ActiveCfg = Release|Any CPU
		{6DC76D67-DFE4-4E5D-9013-F069C072570A}.Release|Any CPU.Build.0 = Release|Any CPU
		{C1F633F2-2DA8-4969-BDD6-2A244F6DA72E}.Debug|Any CPU.ActiveCfg = Debug|Any CPU
		{C1F633F2-2DA8-4969-BDD6-2A244F6DA72E}.Debug|Any CPU.Build.0 = Debug|Any CPU
		{C1F633F2-2DA8-4969-BDD6-2A244F6DA72E}.Release|Any CPU.ActiveCfg = Release|Any CPU
		{C1F633F2-2DA8-4969-BDD6-2A244F6DA72E}.Release|Any CPU.Build.0 = Release|Any CPU
		{0D5D9668-6C36-4AA8-827D-4A1FABC03746}.Debug|Any CPU.ActiveCfg = Debug|Any CPU
		{0D5D9668-6C36-4AA8-827D-4A1FABC03746}.Debug|Any CPU.Build.0 = Debug|Any CPU
		{0D5D9668-6C36-4AA8-827D-4A1FABC03746}.Release|Any CPU.ActiveCfg = Release|Any CPU
		{0D5D9668-6C36-4AA8-827D-4A1FABC03746}.Release|Any CPU.Build.0 = Release|Any CPU
		{6E7CC175-264C-41A1-A685-F56A711D3AE4}.Debug|Any CPU.ActiveCfg = Debug|Any CPU
		{6E7CC175-264C-41A1-A685-F56A711D3AE4}.Debug|Any CPU.Build.0 = Debug|Any CPU
		{6E7CC175-264C-41A1-A685-F56A711D3AE4}.Release|Any CPU.ActiveCfg = Release|Any CPU
		{6E7CC175-264C-41A1-A685-F56A711D3AE4}.Release|Any CPU.Build.0 = Release|Any CPU
		{4CF84688-F23D-4A05-BED1-3301E3F82DBD}.Debug|Any CPU.ActiveCfg = Debug|Any CPU
		{4CF84688-F23D-4A05-BED1-3301E3F82DBD}.Debug|Any CPU.Build.0 = Debug|Any CPU
		{4CF84688-F23D-4A05-BED1-3301E3F82DBD}.Release|Any CPU.ActiveCfg = Release|Any CPU
		{4CF84688-F23D-4A05-BED1-3301E3F82DBD}.Release|Any CPU.Build.0 = Release|Any CPU
		{929A7911-3099-474B-9EB2-33D460438F69}.Debug|Any CPU.ActiveCfg = Debug|Any CPU
		{929A7911-3099-474B-9EB2-33D460438F69}.Debug|Any CPU.Build.0 = Debug|Any CPU
		{929A7911-3099-474B-9EB2-33D460438F69}.Release|Any CPU.ActiveCfg = Release|Any CPU
		{929A7911-3099-474B-9EB2-33D460438F69}.Release|Any CPU.Build.0 = Release|Any CPU
		{F50D53E5-0A12-4EA3-A767-76BB07FBCA3E}.Debug|Any CPU.ActiveCfg = Debug|Any CPU
		{F50D53E5-0A12-4EA3-A767-76BB07FBCA3E}.Debug|Any CPU.Build.0 = Debug|Any CPU
		{F50D53E5-0A12-4EA3-A767-76BB07FBCA3E}.Release|Any CPU.ActiveCfg = Release|Any CPU
		{F50D53E5-0A12-4EA3-A767-76BB07FBCA3E}.Release|Any CPU.Build.0 = Release|Any CPU
		{42E1B740-79DC-4025-B566-506E00714B11}.Debug|Any CPU.ActiveCfg = Debug|Any CPU
		{42E1B740-79DC-4025-B566-506E00714B11}.Debug|Any CPU.Build.0 = Debug|Any CPU
		{42E1B740-79DC-4025-B566-506E00714B11}.Release|Any CPU.ActiveCfg = Release|Any CPU
		{42E1B740-79DC-4025-B566-506E00714B11}.Release|Any CPU.Build.0 = Release|Any CPU
		{514CDB79-BE13-4C0F-8884-43EBA14976F0}.Debug|Any CPU.ActiveCfg = Debug|Any CPU
		{514CDB79-BE13-4C0F-8884-43EBA14976F0}.Debug|Any CPU.Build.0 = Debug|Any CPU
		{514CDB79-BE13-4C0F-8884-43EBA14976F0}.Release|Any CPU.ActiveCfg = Release|Any CPU
		{514CDB79-BE13-4C0F-8884-43EBA14976F0}.Release|Any CPU.Build.0 = Release|Any CPU
	EndGlobalSection
	GlobalSection(SolutionProperties) = preSolution
		HideSolutionNode = FALSE
	EndGlobalSection
	GlobalSection(NestedProjects) = preSolution
		{63518DC8-4954-4039-AF9C-8364065ED844} = {5F17AF64-387B-4406-AEE1-5FC26458C986}
		{670EEC2D-2F88-48DF-9A4D-E24B9BF710FE} = {E75993DF-2AB6-40EE-A2B1-300DB24C359A}
		{6DC76D67-DFE4-4E5D-9013-F069C072570A} = {E75993DF-2AB6-40EE-A2B1-300DB24C359A}
		{C1F633F2-2DA8-4969-BDD6-2A244F6DA72E} = {D31B9814-E417-49AD-A877-D26D0EC70F68}
		{0D5D9668-6C36-4AA8-827D-4A1FABC03746} = {10B4F5F8-6DDD-4E80-9106-F1F70CF88B4F}
		{6E7CC175-264C-41A1-A685-F56A711D3AE4} = {9BBB294D-F81C-4917-A33B-EE23052D3453}
		{4CF84688-F23D-4A05-BED1-3301E3F82DBD} = {E75993DF-2AB6-40EE-A2B1-300DB24C359A}
		{929A7911-3099-474B-9EB2-33D460438F69} = {D31B9814-E417-49AD-A877-D26D0EC70F68}
		{F50D53E5-0A12-4EA3-A767-76BB07FBCA3E} = {D31B9814-E417-49AD-A877-D26D0EC70F68}
		{42E1B740-79DC-4025-B566-506E00714B11} = {E75993DF-2AB6-40EE-A2B1-300DB24C359A}
		{514CDB79-BE13-4C0F-8884-43EBA14976F0} = {D31B9814-E417-49AD-A877-D26D0EC70F68}
	EndGlobalSection
	GlobalSection(ExtensibilityGlobals) = postSolution
		SolutionGuid = {4A7D614B-40B2-4D4A-952B-2AAAE7FFC9B6}
	EndGlobalSection
EndGlobal
